
Microsoft Visual Studio Solution File, Format Version 12.00
# Visual Studio 14
VisualStudioVersion = 14.0.23107.0
MinimumVisualStudioVersion = 10.0.40219.1
Project("{FAE04EC0-301F-11D3-BF4B-00C04F79EFBC}") = "AppAdo02", "AppAdo02\AppAdo02.csproj", "{D2231E0D-1F63-425E-8996-307C03D223F8}"
EndProject
Global
	GlobalSection(SolutionConfigurationPlatforms) = preSolution
		Debug|Any CPU = Debug|Any CPU
		Release|Any CPU = Release|Any CPU
	EndGlobalSection
	GlobalSection(ProjectConfigurationPlatforms) = postSolution
		{D2231E0D-1F63-425E-8996-307C03D223F8}.Debug|Any CPU.ActiveCfg = Debug|Any CPU
		{D2231E0D-1F63-425E-8996-307C03D223F8}.Debug|Any CPU.Build.0 = Debug|Any CPU
		{D2231E0D-1F63-425E-8996-307C03D223F8}.Release|Any CPU.ActiveCfg = Release|Any CPU
		{D2231E0D-1F63-425E-8996-307C03D223F8}.Release|Any CPU.Build.0 = Release|Any CPU
	EndGlobalSection
	GlobalSection(SolutionProperties) = preSolution
		HideSolutionNode = FALSE
	EndGlobalSection
EndGlobal
